
Microsoft Visual Studio Solution File, Format Version 12.00
# Visual Studio Version 17
VisualStudioVersion = 17.12.35707.178 d17.12
MinimumVisualStudioVersion = 10.0.40219.1
Project("{FAE04EC0-301F-11D3-BF4B-00C04F79EFBC}") = "Visitantes.WebApi", "Visitantes.WebApi\Visitantes.WebApi.csproj", "{795F1171-C14B-4FB1-A6C0-7A18243CF341}"
EndProject
Project("{FAE04EC0-301F-11D3-BF4B-00C04F79EFBC}") = "Oracle.DataAccess", "Oracle.DataAccess\Oracle.DataAccess.csproj", "{CD16BDC4-50B7-4D34-853C-FED19CB98D41}"
EndProject
Global
	GlobalSection(SolutionConfigurationPlatforms) = preSolution
		Debug|Any CPU = Debug|Any CPU
		Release|Any CPU = Release|Any CPU
	EndGlobalSection
	GlobalSection(ProjectConfigurationPlatforms) = postSolution
		{795F1171-C14B-4FB1-A6C0-7A18243CF341}.Debug|Any CPU.ActiveCfg = Debug|Any CPU
		{795F1171-C14B-4FB1-A6C0-7A18243CF341}.Debug|Any CPU.Build.0 = Debug|Any CPU
		{795F1171-C14B-4FB1-A6C0-7A18243CF341}.Release|Any CPU.ActiveCfg = Release|Any CPU
		{795F1171-C14B-4FB1-A6C0-7A18243CF341}.Release|Any CPU.Build.0 = Release|Any CPU
		{CD16BDC4-50B7-4D34-853C-FED19CB98D41}.Debug|Any CPU.ActiveCfg = Debug|Any CPU
		{CD16BDC4-50B7-4D34-853C-FED19CB98D41}.Debug|Any CPU.Build.0 = Debug|Any CPU
		{CD16BDC4-50B7-4D34-853C-FED19CB98D41}.Release|Any CPU.ActiveCfg = Release|Any CPU
		{CD16BDC4-50B7-4D34-853C-FED19CB98D41}.Release|Any CPU.Build.0 = Release|Any CPU
	EndGlobalSection
	GlobalSection(SolutionProperties) = preSolution
		HideSolutionNode = FALSE
	EndGlobalSection
EndGlobal
